
Microsoft Visual Studio Solution File, Format Version 12.00
# Visual Studio Version 16
VisualStudioVersion = 16.0.30309.148
MinimumVisualStudioVersion = 10.0.40219.1
Project("{9A19103F-16F7-4668-BE54-9A1E7A4F7556}") = "DiscrodBot", "DiscrodBot\DiscrodBot.csproj", "{2261B7B9-4CEB-4972-92A6-0E69321A7B73}"
EndProject
Project("{2150E333-8FDC-42A3-9474-1A3956D46DE8}") = "Solution Items", "Solution Items", "{B58D0D43-A0F3-427A-83A1-5EAAE0B93D82}"
	ProjectSection(SolutionItems) = preProject
		.editorconfig = .editorconfig
	EndProjectSection
EndProject
Global
	GlobalSection(SolutionConfigurationPlatforms) = preSolution
		Debug|Any CPU = Debug|Any CPU
		Release|Any CPU = Release|Any CPU
	EndGlobalSection
	GlobalSection(ProjectConfigurationPlatforms) = postSolution
		{2261B7B9-4CEB-4972-92A6-0E69321A7B73}.Debug|Any CPU.ActiveCfg = Debug|Any CPU
		{2261B7B9-4CEB-4972-92A6-0E69321A7B73}.Debug|Any CPU.Build.0 = Debug|Any CPU
		{2261B7B9-4CEB-4972-92A6-0E69321A7B73}.Release|Any CPU.ActiveCfg = Release|Any CPU
		{2261B7B9-4CEB-4972-92A6-0E69321A7B73}.Release|Any CPU.Build.0 = Release|Any CPU
	EndGlobalSection
	GlobalSection(SolutionProperties) = preSolution
		HideSolutionNode = FALSE
	EndGlobalSection
	GlobalSection(ExtensibilityGlobals) = postSolution
		SolutionGuid = {EBE135F0-DC8E-40CA-81C9-486EE9670647}
	EndGlobalSection
EndGlobal
